
Microsoft Visual Studio Solution File, Format Version 12.00
# Visual Studio Version 16
VisualStudioVersion = 16.0.31624.102
MinimumVisualStudioVersion = 10.0.40219.1
Project("{FAE04EC0-301F-11D3-BF4B-00C04F79EFBC}") = "Capitulo10y12", "Capitulo10y12\Capitulo10y12.csproj", "{834FF207-D36E-4135-87D7-10488050D8F0}"
EndProject
Global
	GlobalSection(SolutionConfigurationPlatforms) = preSolution
		Debug|Any CPU = Debug|Any CPU
		Release|Any CPU = Release|Any CPU
	EndGlobalSection
	GlobalSection(ProjectConfigurationPlatforms) = postSolution
		{834FF207-D36E-4135-87D7-10488050D8F0}.Debug|Any CPU.ActiveCfg = Debug|Any CPU
		{834FF207-D36E-4135-87D7-10488050D8F0}.Debug|Any CPU.Build.0 = Debug|Any CPU
		{834FF207-D36E-4135-87D7-10488050D8F0}.Release|Any CPU.ActiveCfg = Release|Any CPU
		{834FF207-D36E-4135-87D7-10488050D8F0}.Release|Any CPU.Build.0 = Release|Any CPU
	EndGlobalSection
	GlobalSection(SolutionProperties) = preSolution
		HideSolutionNode = FALSE
	EndGlobalSection
	GlobalSection(ExtensibilityGlobals) = postSolution
		SolutionGuid = {A3147B47-5720-4FAD-A8F0-8021E65ED435}
	EndGlobalSection
EndGlobal
